
Microsoft Visual Studio Solution File, Format Version 12.00
# Visual Studio Version 17
VisualStudioVersion = 17.7.34031.279
MinimumVisualStudioVersion = 10.0.40219.1
Project("{2150E333-8FDC-42A3-9474-1A3956D46DE8}") = "Course_Project", "Course_Project", "{3F4645C8-6E9F-469C-906E-E2341082F28F}"
EndProject
Project("{FAE04EC0-301F-11D3-BF4B-00C04F79EFBC}") = "Wallet", "Course_Project\Wallet.csproj", "{603603DE-E1D7-405A-ADEC-77CC43F944AA}"
EndProject
Global
	GlobalSection(SolutionConfigurationPlatforms) = preSolution
		Debug|Any CPU = Debug|Any CPU
		Release|Any CPU = Release|Any CPU
	EndGlobalSection
	GlobalSection(ProjectConfigurationPlatforms) = postSolution
		{603603DE-E1D7-405A-ADEC-77CC43F944AA}.Debug|Any CPU.ActiveCfg = Debug|Any CPU
		{603603DE-E1D7-405A-ADEC-77CC43F944AA}.Debug|Any CPU.Build.0 = Debug|Any CPU
		{603603DE-E1D7-405A-ADEC-77CC43F944AA}.Release|Any CPU.ActiveCfg = Release|Any CPU
		{603603DE-E1D7-405A-ADEC-77CC43F944AA}.Release|Any CPU.Build.0 = Release|Any CPU
	EndGlobalSection
	GlobalSection(SolutionProperties) = preSolution
		HideSolutionNode = FALSE
	EndGlobalSection
	GlobalSection(NestedProjects) = preSolution
		{603603DE-E1D7-405A-ADEC-77CC43F944AA} = {3F4645C8-6E9F-469C-906E-E2341082F28F}
	EndGlobalSection
	GlobalSection(ExtensibilityGlobals) = postSolution
		SolutionGuid = {BCB052C9-F2C3-4DD7-94B2-3119FE8AAE43}
	EndGlobalSection
EndGlobal
